github.com/go-test/deep v1.0.4 h1:u2CU3YKy9I2pmu9pX0eq50wCgjfGIt539SqR7FbHiho=
github.com/go-test/deep v1.0.4/go.mod h1:wGDj63lr65AM2AQyKZd/NYHGb0R+1RLqB8NKt3aSFNA=
github.com/lib/pq v1.2.0 h1:LXpIM/LZ5xGFhOpXAQUIMM1HdyqzVYM13zNdjCEEcA0=
github.com/lib/pq v1.2.0/go.mod h1:5WUZQaWbwv1U+lTReE5YruASi9Al49XbQIvNi/34Woo=
github.com/philippgille/gokv v0.5.1-0.20191011213304-eb77f15b9c61/go.mod h1:OCoWPt+mbYuTO1FUVrQ2SxQU0oaaHBsn6lRhFX3JHOc=
github.com/philippgille/gokv v0.6.0 h1:fNEx/tSwV73nzlYd3iRYB8F+SEVJNNFzH1gsaT8SK2c=
github.com/philippgille/gokv v0.6.0/go.mod h1:tjXRFw9xDHgxLS8WJdfYotKGWp8TWqu4RdXjMDG/XBo=
github.com/philippgille/gokv/encoding v0.0.0-20191011213304-eb77f15b9c61 h1:IgQDuUPuEFVf22mBskeCLAtvd5c9XiiJG2UYud6eGHI=
github.com/philippgille/gokv/encoding v0.0.0-20191011213304-eb77f15b9c61/go.mod h1:SjxSrCoeYrYn85oTtroyG1ePY8aE72nvLQlw8IYwAN8=
github.com/philippgille/gokv/encoding v0.6.0 h1:P1TN+Aulpd6Qd7qcLqgPwoxzOQ42UHBXOovWvFxJRI8=
github.com/philippgille/gokv/encoding v0.6.0/go.mod h1:/yKvq2BKJlKJsH7KMDrhDlEw2Pt3V1nKyFhs4iOqz5U=
github.com/philippgille/gokv/sql v0.6.0 h1:5Hyobk5vO/t87y07UTkEANOQmfqEVzQF2EH0pG2/lm0=
github.com/philippgille/gokv/sql v0.6.0/go.mod h1:Su2E522gP9BpboUTQHiTfQKx7QEWYNXMSnN848vLEIw=
github.com/philippgille/gokv/test v0.6.0 h1:pe4HsmywhKSNFlrtkFMnSP4K4wHlVQPUhYSvEzde7ag=
github.com/philippgille/gokv/test v0.6.0/go.mod h1:yawxKr4W1Qk0RqvZwiZSs6QYrXTV3iJHt43IpH8k7AI=
github.com/philippgille/gokv/util v0.0.0-20191011213304-eb77f15b9c61/go.mod h1:2dBhsJgY/yVIkjY5V3AnDUxUbEPzT6uQ3LvoVT8TR20=
github.com/philippgille/gokv/util v0.6.0 h1:GrTxVENzKBxs8lB3tnaA88mKOuVPT7atZPplxX+PNmo=
github.com/philippgille/gokv/util v0.6.0/go.mod h1:ovoDHZ2Svr7YX972SPPJQRXbhHEy3Gb20HRH/Tr9BiQ=
