github.com/OneOfOne/xxhash v1.2.2/go.mod h1:HSdplMjZKSmBqAxg5vPj2TmRDmfkzw+cTzAElWljhcU=
github.com/OneOfOne/xxhash v1.2.5 h1:zl/OfRA6nftbBK9qTohYBJ5xvw6C/oNKizR7cZGl3cI=
github.com/OneOfOne/xxhash v1.2.5/go.mod h1:eZbhyaAYD41SGSSsnmcpxVoRiQ/MPUTjUdIIOT9Um7Q=
github.com/cespare/xxhash v1.1.0 h1:a6HrQnmkObjyL+Gs60czilIUGqrzKutQD6XZog3p+ko=
github.com/cespare/xxhash v1.1.0/go.mod h1:XrSqR1VqqWfGrhpAt58auRo0WTKS1nRRg3ghfAqPWnc=
github.com/coocood/freecache v1.1.0 h1:ENiHOsWdj1BrrlPwblhbn4GdAsMymK3pZORJ+bJGAjA=
github.com/coocood/freecache v1.1.0/go.mod h1:ePwxCDzOYvARfHdr1pByNct1at3CoKnsipOHwKlNbzI=
github.com/go-test/deep v1.0.4 h1:u2CU3YKy9I2pmu9pX0eq50wCgjfGIt539SqR7FbHiho=
github.com/go-test/deep v1.0.4/go.mod h1:wGDj63lr65AM2AQyKZd/NYHGb0R+1RLqB8NKt3aSFNA=
github.com/philippgille/gokv v0.5.1-0.20190928144926-0fa470d8f0d4/go.mod h1:OCoWPt+mbYuTO1FUVrQ2SxQU0oaaHBsn6lRhFX3JHOc=
github.com/philippgille/gokv v0.5.1-0.20190929161952-f31a8dbcad2a h1:8+fq75CyBhH7FhiL9m34fkI81MB2GyjnNy/jPZ1idbg=
github.com/philippgille/gokv v0.5.1-0.20190929161952-f31a8dbcad2a/go.mod h1:OCoWPt+mbYuTO1FUVrQ2SxQU0oaaHBsn6lRhFX3JHOc=
github.com/philippgille/gokv/encoding v0.5.1-0.20190929161952-f31a8dbcad2a h1:QxSIt4/Eao/PchzFCDdhpeC+YW+G0J8ky3ffJpsD1/8=
github.com/philippgille/gokv/encoding v0.5.1-0.20190929161952-f31a8dbcad2a/go.mod h1:SjxSrCoeYrYn85oTtroyG1ePY8aE72nvLQlw8IYwAN8=
github.com/philippgille/gokv/test v0.5.1-0.20190929161952-f31a8dbcad2a h1:ZBeVU0JxItFmfZiL9qtdwe+l3rSXwDrEX3wwiW8vQCo=
github.com/philippgille/gokv/test v0.5.1-0.20190929161952-f31a8dbcad2a/go.mod h1:KT34smKZN1y03tEug35ctW6VnyXPySUt6VCCsBXBBe0=
github.com/philippgille/gokv/util v0.5.1-0.20190929161952-f31a8dbcad2a h1:EJKkHXZwL1p8SxoXIcjJrX9LJG7MNuzcTUd73EA4Idg=
github.com/philippgille/gokv/util v0.5.1-0.20190929161952-f31a8dbcad2a/go.mod h1:2dBhsJgY/yVIkjY5V3AnDUxUbEPzT6uQ3LvoVT8TR20=
github.com/spaolacci/murmur3 v0.0.0-20180118202830-f09979ecbc72/go.mod h1:JwIasOWyU6f++ZhiEuf87xNszmSA2myDM2Kzu9HwQUA=
github.com/spaolacci/murmur3 v1.1.0 h1:7c1g84S4BPRrfL5Xrdp6fOJ206sU9y293DDHaoy0bLI=
github.com/spaolacci/murmur3 v1.1.0/go.mod h1:JwIasOWyU6f++ZhiEuf87xNszmSA2myDM2Kzu9HwQUA=
