github.com/go-test/deep v1.0.4 h1:u2CU3YKy9I2pmu9pX0eq50wCgjfGIt539SqR7FbHiho=
github.com/go-test/deep v1.0.4/go.mod h1:wGDj63lr65AM2AQyKZd/NYHGb0R+1RLqB8NKt3aSFNA=
github.com/philippgille/gokv v0.5.1-0.20190929161952-f31a8dbcad2a h1:8+fq75CyBhH7FhiL9m34fkI81MB2GyjnNy/jPZ1idbg=
github.com/philippgille/gokv v0.5.1-0.20190929161952-f31a8dbcad2a/go.mod h1:OCoWPt+mbYuTO1FUVrQ2SxQU0oaaHBsn6lRhFX3JHOc=
github.com/philippgille/gokv/encoding v0.0.0-20191001201555-5ac9a20de634 h1:U1lUMQ09wKdtGGasRKNnNVlOGSiB017wu5/wK27ptpo=
github.com/philippgille/gokv/encoding v0.0.0-20191001201555-5ac9a20de634/go.mod h1:SjxSrCoeYrYn85oTtroyG1ePY8aE72nvLQlw8IYwAN8=
github.com/philippgille/gokv/test v0.0.0-20191001201555-5ac9a20de634 h1:4TpD8D+6MfOT9n+NdoqTmEyvpQgzynETzaWd+Hde/T4=
github.com/philippgille/gokv/test v0.0.0-20191001201555-5ac9a20de634/go.mod h1:v2Rp8C1tpC7e+oW59KCPlwEh3gr/PDSd/l5bBzCGn2A=
github.com/philippgille/gokv/util v0.0.0-20191001201555-5ac9a20de634 h1:amdd5uaFPc332k9ZNqK8KiRzDxHH9pHAvK5dbHZ7O7w=
github.com/philippgille/gokv/util v0.0.0-20191001201555-5ac9a20de634/go.mod h1:2dBhsJgY/yVIkjY5V3AnDUxUbEPzT6uQ3LvoVT8TR20=
github.com/samuel/go-zookeeper v0.0.0-20190923202752-2cc03de413da h1:p3Vo3i64TCLY7gIfzeQaUJ+kppEO5WQG3cL8iE8tGHU=
github.com/samuel/go-zookeeper v0.0.0-20190923202752-2cc03de413da/go.mod h1:gi+0XIa01GRL2eRQVjQkKGqKF3SF9vZR/HnPullcV2E=
