github.com/go-test/deep v1.0.4 h1:u2CU3YKy9I2pmu9pX0eq50wCgjfGIt539SqR7FbHiho=
github.com/go-test/deep v1.0.4/go.mod h1:wGDj63lr65AM2AQyKZd/NYHGb0R+1RLqB8NKt3aSFNA=
github.com/philippgille/gokv v0.5.1-0.20191011213304-eb77f15b9c61/go.mod h1:OCoWPt+mbYuTO1FUVrQ2SxQU0oaaHBsn6lRhFX3JHOc=
github.com/philippgille/gokv v0.6.0 h1:fNEx/tSwV73nzlYd3iRYB8F+SEVJNNFzH1gsaT8SK2c=
github.com/philippgille/gokv v0.6.0/go.mod h1:tjXRFw9xDHgxLS8WJdfYotKGWp8TWqu4RdXjMDG/XBo=
github.com/philippgille/gokv/encoding v0.6.0 h1:P1TN+Aulpd6Qd7qcLqgPwoxzOQ42UHBXOovWvFxJRI8=
github.com/philippgille/gokv/encoding v0.6.0/go.mod h1:/yKvq2BKJlKJsH7KMDrhDlEw2Pt3V1nKyFhs4iOqz5U=
github.com/philippgille/gokv/test v0.6.0 h1:pe4HsmywhKSNFlrtkFMnSP4K4wHlVQPUhYSvEzde7ag=
github.com/philippgille/gokv/test v0.6.0/go.mod h1:yawxKr4W1Qk0RqvZwiZSs6QYrXTV3iJHt43IpH8k7AI=
github.com/philippgille/gokv/util v0.6.0 h1:GrTxVENzKBxs8lB3tnaA88mKOuVPT7atZPplxX+PNmo=
github.com/philippgille/gokv/util v0.6.0/go.mod h1:ovoDHZ2Svr7YX972SPPJQRXbhHEy3Gb20HRH/Tr9BiQ=
go.etcd.io/bbolt v1.3.6 h1:/ecaJf0sk1l4l6V4awd65v2C3ILy7MSj+s/x1ADCIMU=
go.etcd.io/bbolt v1.3.6/go.mod h1:qXsaaIqmgQH0T+OPdb99Bf+PKfBBQVAdyD6TY9G8XM4=
golang.org/x/sys v0.0.0-20200923182605-d9f96fdee20d/go.mod h1:h1NjWce9XRLGQEsW7wpKNCjG9DtNlClVuFLEZdDNbEs=
golang.org/x/sys v0.1.0 h1:kunALQeHf1/185U1i0GOB/fy1IPRDDpuoOOqRReG57U=
golang.org/x/sys v0.1.0/go.mod h1:oPkhp1MJrh7nUepCBck5+mAzfO9JrbApNNgaTdGDITg=
