github.com/aws/aws-sdk-go v1.25.11 h1:wUivbsVOH3LpHdC3Rl5i+FLHfg4sOmYgv4bvHe7+/Pg=
github.com/aws/aws-sdk-go v1.25.11/go.mod h1:KmX6BPdI08NWTb3/sm4ZGu5ShLoqVDhKgpiN924inxo=
github.com/davecgh/go-spew v1.1.0 h1:ZDRjVQ15GmhC3fiQ8ni8+OwkZQO4DARzQgrnXU1Liz8=
github.com/davecgh/go-spew v1.1.0/go.mod h1:J7Y8YcW2NihsgmVo/mv3lAwl/skON4iLHjSsI+c5H38=
github.com/go-test/deep v1.0.4 h1:u2CU3YKy9I2pmu9pX0eq50wCgjfGIt539SqR7FbHiho=
github.com/go-test/deep v1.0.4/go.mod h1:wGDj63lr65AM2AQyKZd/NYHGb0R+1RLqB8NKt3aSFNA=
github.com/jmespath/go-jmespath v0.0.0-20180206201540-c2b33e8439af h1:pmfjZENx5imkbgOkpRUYLnmbU7UEFbjtDA2hxJ1ichM=
github.com/jmespath/go-jmespath v0.0.0-20180206201540-c2b33e8439af/go.mod h1:Nht3zPeWKUH0NzdCt2Blrr5ys8VGpn0CEB0cQHVjt7k=
github.com/philippgille/gokv v0.0.0-20191001201555-5ac9a20de634 h1:d5aWDU6fAh8bWjHrwA3YKalyZL3N010cDOkv7YGiwxU=
github.com/philippgille/gokv v0.0.0-20191001201555-5ac9a20de634/go.mod h1:OCoWPt+mbYuTO1FUVrQ2SxQU0oaaHBsn6lRhFX3JHOc=
github.com/philippgille/gokv/encoding v0.0.0-20191011213304-eb77f15b9c61 h1:IgQDuUPuEFVf22mBskeCLAtvd5c9XiiJG2UYud6eGHI=
github.com/philippgille/gokv/encoding v0.0.0-20191011213304-eb77f15b9c61/go.mod h1:SjxSrCoeYrYn85oTtroyG1ePY8aE72nvLQlw8IYwAN8=
github.com/philippgille/gokv/test v0.0.0-20191011213304-eb77f15b9c61 h1:4tVyBgfpK0NSqu7tNZTwYfC/pbyWUR2y+O7mxEg5BTQ=
github.com/philippgille/gokv/test v0.0.0-20191011213304-eb77f15b9c61/go.mod h1:EUc+s9ONc1+VOr9NUEd8S0YbGRrQd/gz/p+2tvwt12s=
github.com/philippgille/gokv/util v0.0.0-20191011213304-eb77f15b9c61 h1:ril/jI0JgXNjPWwDkvcRxlZ09kgHXV2349xChjbsQ4o=
github.com/philippgille/gokv/util v0.0.0-20191011213304-eb77f15b9c61/go.mod h1:2dBhsJgY/yVIkjY5V3AnDUxUbEPzT6uQ3LvoVT8TR20=
github.com/pmezard/go-difflib v1.0.0 h1:4DBwDE0NGyQoBHbLQYPwSUPoCMWR5BEzIk/f1lZbAQM=
github.com/pmezard/go-difflib v1.0.0/go.mod h1:iKH77koFhYxTK1pcRnkKkqfTogsbg7gZNVY4sRDYZ/4=
github.com/stretchr/objx v0.1.0/go.mod h1:HFkY916IF+rwdDfMAkV7OtwuqBVzrE8GR6GFx+wExME=
github.com/stretchr/testify v1.4.0 h1:2E4SXV/wtOkTonXsotYi4li6zVWxYlZuYNCXe9XRJyk=
github.com/stretchr/testify v1.4.0/go.mod h1:j7eGeouHqKxXV5pUuKE4zz7dFj8WfuZ+81PSLYec5m4=
golang.org/x/crypto v0.0.0-20190308221718-c2843e01d9a2/go.mod h1:djNgcEr1/C05ACkg1iLfiJU5Ep61QUkGW8qpdssI0+w=
golang.org/x/net v0.0.0-20191011234655-491137f69257 h1:ry8e2D+cwaV6hk7lb3aRTjjZo24shrbK0e11QEOkTIg=
golang.org/x/net v0.0.0-20191011234655-491137f69257/go.mod h1:z5CRVTTTmAJ677TzLLGU+0bjPO0LkuOLi4/5GtJWs/s=
golang.org/x/sys v0.0.0-20190215142949-d0b11bdaac8a/go.mod h1:STP8DvDyc/dI5b8T5hshtkjS+E42TnysNCUPdjciGhY=
golang.org/x/text v0.3.0 h1:g61tztE5qeGQ89tm6NTjjM9VPIm088od1l6aSorWRWg=
golang.org/x/text v0.3.0/go.mod h1:NqM8EUOU14njkJ3fqMW+pc6Ldnwhi/IjpwHt7yyuwOQ=
gopkg.in/check.v1 v0.0.0-20161208181325-20d25e280405 h1:yhCVgyC4o1eVCa2tZl7eS0r+SDo693bJlVdllGtEeKM=
gopkg.in/check.v1 v0.0.0-20161208181325-20d25e280405/go.mod h1:Co6ibVJAznAaIkqp8huTwlJQCZ016jof/cbN4VW5Yz0=
gopkg.in/yaml.v2 v2.2.2 h1:ZCJp+EgiOT7lHqUV2J862kp8Qj64Jo6az82+3Td9dZw=
gopkg.in/yaml.v2 v2.2.2/go.mod h1:hI93XBmqTisBFMUTm0b8Fm+jr3Dg1NNxqwp+5A1VGuI=
