github.com/philippgille/gokv v0.7.0 h1:rQSIQspete82h78Br7k7rKUZ8JYy/hWlwzm/W5qobPI=
github.com/philippgille/gokv v0.7.0/go.mod h1:OwiTP/3bhEBhSuOmFmq1+rszglfSgjJVxd1HOgOa2N4=
github.com/philippgille/gokv/util v0.7.0 h1:5avUK/a3aSj/aWjhHv4/FkqgMon2B7k2BqFgLcR+DYg=
github.com/philippgille/gokv/util v0.7.0/go.mod h1:i9KLHbPxGiHLMhkix/CcDQhpPbCkJy5BkW+RKgwDHMo=
