filippo.io/edwards25519 v1.1.0 h1:FNf4tywRC1HmFuKW5xopWpigGjJKiJSV0Cqo0cJWDaA=
filippo.io/edwards25519 v1.1.0/go.mod h1:BxyFTGdWcka3PhytdK4V28tE5sGfRvvvRV7EaN4VDT4=
github.com/go-sql-driver/mysql v1.9.3 h1:U/N249h2WzJ3Ukj8SowVFjdtZKfu9vlLZxjPXV1aweo=
github.com/go-sql-driver/mysql v1.9.3/go.mod h1:qn46aNg1333BRMNU69Lq93t8du/dwxI64Gl8i5p1WMU=
github.com/go-test/deep v1.1.0 h1:WOcxcdHcvdgThNXjw0t76K42FXTU7HpNQWHpA2HHNlg=
github.com/go-test/deep v1.1.0/go.mod h1:5C2ZWiW0ErCdrYzpqxLbTX7MG14M9iiw8DgHncVwcsE=
github.com/philippgille/gokv v0.7.0 h1:rQSIQspete82h78Br7k7rKUZ8JYy/hWlwzm/W5qobPI=
github.com/philippgille/gokv v0.7.0/go.mod h1:OwiTP/3bhEBhSuOmFmq1+rszglfSgjJVxd1HOgOa2N4=
github.com/philippgille/gokv/encoding v0.7.0 h1:2oxepKzzTsi00iLZBCZ7Rmqrallh9zws3iqSrLGfkgo=
github.com/philippgille/gokv/encoding v0.7.0/go.mod h1:yncOBBUciyniPI8t5ECF8XSCwhONE9Rjf3My5IHs3fA=
github.com/philippgille/gokv/sql v0.7.0 h1:RP5I2BMpnJlyO50fr8LLVF8jtJTr51RUOOYpTgGL9Bg=
github.com/philippgille/gokv/sql v0.7.0/go.mod h1:axjVO2MzvmmnigA2pVTh8a3B/Y1Td/rozZg37bX5g/M=
github.com/philippgille/gokv/test v0.7.0 h1:0wBKnKaFZlSeHxLXcmUJqK//IQGUMeu+o8B876KCiOM=
github.com/philippgille/gokv/test v0.7.0/go.mod h1:TP/VzO/qAoi6njsfKnRpXKno0hRuzD5wsLnHhtUcVkY=
github.com/philippgille/gokv/util v0.7.0 h1:5avUK/a3aSj/aWjhHv4/FkqgMon2B7k2BqFgLcR+DYg=
github.com/philippgille/gokv/util v0.7.0/go.mod h1:i9KLHbPxGiHLMhkix/CcDQhpPbCkJy5BkW+RKgwDHMo=
