github.com/go-test/deep v1.0.4 h1:u2CU3YKy9I2pmu9pX0eq50wCgjfGIt539SqR7FbHiho=
github.com/go-test/deep v1.0.4/go.mod h1:wGDj63lr65AM2AQyKZd/NYHGb0R+1RLqB8NKt3aSFNA=
github.com/lib/pq v1.2.0 h1:LXpIM/LZ5xGFhOpXAQUIMM1HdyqzVYM13zNdjCEEcA0=
github.com/lib/pq v1.2.0/go.mod h1:5WUZQaWbwv1U+lTReE5YruASi9Al49XbQIvNi/34Woo=
github.com/philippgille/gokv v0.5.1-0.20190929161952-f31a8dbcad2a h1:8+fq75CyBhH7FhiL9m34fkI81MB2GyjnNy/jPZ1idbg=
github.com/philippgille/gokv v0.5.1-0.20190929161952-f31a8dbcad2a/go.mod h1:OCoWPt+mbYuTO1FUVrQ2SxQU0oaaHBsn6lRhFX3JHOc=
github.com/philippgille/gokv/encoding v0.5.1-0.20190929161952-f31a8dbcad2a h1:QxSIt4/Eao/PchzFCDdhpeC+YW+G0J8ky3ffJpsD1/8=
github.com/philippgille/gokv/encoding v0.5.1-0.20190929161952-f31a8dbcad2a/go.mod h1:SjxSrCoeYrYn85oTtroyG1ePY8aE72nvLQlw8IYwAN8=
github.com/philippgille/gokv/sql v0.0.0-20191001201555-5ac9a20de634 h1:QGzut4FdaSu46e+dfrPqBohZHiD+ONv/ZHz8R0DLDdk=
github.com/philippgille/gokv/sql v0.0.0-20191001201555-5ac9a20de634/go.mod h1:1E4YsC9EAPGeUzsDFkZriuI9G6NkicxmsGOb1+Flgwc=
github.com/philippgille/gokv/test v0.0.0-20191001201555-5ac9a20de634 h1:4TpD8D+6MfOT9n+NdoqTmEyvpQgzynETzaWd+Hde/T4=
github.com/philippgille/gokv/test v0.0.0-20191001201555-5ac9a20de634/go.mod h1:v2Rp8C1tpC7e+oW59KCPlwEh3gr/PDSd/l5bBzCGn2A=
github.com/philippgille/gokv/util v0.5.1-0.20190929161952-f31a8dbcad2a h1:EJKkHXZwL1p8SxoXIcjJrX9LJG7MNuzcTUd73EA4Idg=
github.com/philippgille/gokv/util v0.5.1-0.20190929161952-f31a8dbcad2a/go.mod h1:2dBhsJgY/yVIkjY5V3AnDUxUbEPzT6uQ3LvoVT8TR20=
