github.com/aliyun/aliyun-tablestore-go-sdk v4.1.3+incompatible h1:UbBDubZ5xDDaB50NvikAEPxz9dNG4+JVgIvV4y3dvFM=
github.com/aliyun/aliyun-tablestore-go-sdk v4.1.3+incompatible/go.mod h1:LDQHRZylxvcg8H7wBIDfvO5g/cy4/sz1iucBlc2l3Jw=
github.com/go-test/deep v1.0.4 h1:u2CU3YKy9I2pmu9pX0eq50wCgjfGIt539SqR7FbHiho=
github.com/go-test/deep v1.0.4/go.mod h1:wGDj63lr65AM2AQyKZd/NYHGb0R+1RLqB8NKt3aSFNA=
github.com/golang/protobuf v1.3.2 h1:6nsPYzhq5kReh6QImI3k5qWzO4PEbvbIW2cwSfR/6xs=
github.com/golang/protobuf v1.3.2/go.mod h1:6lQm79b+lXiMfvg/cZm0SGofjICqVBUtrP5yJMmIC1U=
github.com/kr/pretty v0.1.0 h1:L/CwN0zerZDmRFUapSPitk6f+Q3+0za1rQkzVuMiMFI=
github.com/kr/pretty v0.1.0/go.mod h1:dAy3ld7l9f0ibDNOQOHHMYYIIbhfbHSm3C4ZsoJORNo=
github.com/kr/pty v1.1.1/go.mod h1:pFQYn66WHrOpPYNljwOMqo10TkYh1fy3cYio2l3bCsQ=
github.com/kr/text v0.1.0 h1:45sCR5RtlFHMR4UwH9sdQ5TC8v0qDQCHnXt+kaKSTVE=
github.com/kr/text v0.1.0/go.mod h1:4Jbv+DJW3UT/LiOwJeYQe1efqtUx/iVham/4vfdArNI=
github.com/philippgille/gokv v0.5.1-0.20190928144926-0fa470d8f0d4/go.mod h1:OCoWPt+mbYuTO1FUVrQ2SxQU0oaaHBsn6lRhFX3JHOc=
github.com/philippgille/gokv v0.5.1-0.20190929161952-f31a8dbcad2a h1:8+fq75CyBhH7FhiL9m34fkI81MB2GyjnNy/jPZ1idbg=
github.com/philippgille/gokv v0.5.1-0.20190929161952-f31a8dbcad2a/go.mod h1:OCoWPt+mbYuTO1FUVrQ2SxQU0oaaHBsn6lRhFX3JHOc=
github.com/philippgille/gokv/encoding v0.5.1-0.20190929161952-f31a8dbcad2a h1:QxSIt4/Eao/PchzFCDdhpeC+YW+G0J8ky3ffJpsD1/8=
github.com/philippgille/gokv/encoding v0.5.1-0.20190929161952-f31a8dbcad2a/go.mod h1:SjxSrCoeYrYn85oTtroyG1ePY8aE72nvLQlw8IYwAN8=
github.com/philippgille/gokv/test v0.5.1-0.20190929161952-f31a8dbcad2a h1:ZBeVU0JxItFmfZiL9qtdwe+l3rSXwDrEX3wwiW8vQCo=
github.com/philippgille/gokv/test v0.5.1-0.20190929161952-f31a8dbcad2a/go.mod h1:KT34smKZN1y03tEug35ctW6VnyXPySUt6VCCsBXBBe0=
github.com/philippgille/gokv/util v0.5.1-0.20190929161952-f31a8dbcad2a h1:EJKkHXZwL1p8SxoXIcjJrX9LJG7MNuzcTUd73EA4Idg=
github.com/philippgille/gokv/util v0.5.1-0.20190929161952-f31a8dbcad2a/go.mod h1:2dBhsJgY/yVIkjY5V3AnDUxUbEPzT6uQ3LvoVT8TR20=
gopkg.in/check.v1 v1.0.0-20190902080502-41f04d3bba15 h1:YR8cESwS4TdDjEe65xsg0ogRM/Nc3DYOhEAlW+xobZo=
gopkg.in/check.v1 v1.0.0-20190902080502-41f04d3bba15/go.mod h1:Co6ibVJAznAaIkqp8huTwlJQCZ016jof/cbN4VW5Yz0=
