github.com/StackExchange/wmi v0.0.0-20190523213315-cbe66965904d h1:G0m3OIz70MZUWq3EgK3CesDbo8upS2Vm9/P3FtgI+Jk=
github.com/StackExchange/wmi v0.0.0-20190523213315-cbe66965904d/go.mod h1:3eOhrUMpNV+6aFIbp5/iudMxNCF27Vw2OZgy4xEx0Fg=
github.com/apache/thrift v0.14.1 h1:Yh8v0hpCj63p5edXOLaqTJW0IJ1p+eMW6+YSOqw1d6s=
github.com/davecgh/go-spew v1.1.0 h1:ZDRjVQ15GmhC3fiQ8ni8+OwkZQO4DARzQgrnXU1Liz8=
github.com/davecgh/go-spew v1.1.0/go.mod h1:J7Y8YcW2NihsgmVo/mv3lAwl/skON4iLHjSsI+c5H38=
github.com/go-ole/go-ole v1.2.4 h1:nNBDSCOigTSiarFpYE9J/KtEA1IOW4CNeqT9TQDqCxI=
github.com/go-ole/go-ole v1.2.4/go.mod h1:XCwSNxSkXRo4vlyPy93sltvi/qJq0jqQhjqQNIwKuxM=
github.com/go-test/deep v1.1.0 h1:WOcxcdHcvdgThNXjw0t76K42FXTU7HpNQWHpA2HHNlg=
github.com/go-test/deep v1.1.0/go.mod h1:5C2ZWiW0ErCdrYzpqxLbTX7MG14M9iiw8DgHncVwcsE=
github.com/hazelcast/hazelcast-go-client v1.4.2 h1:5WFTm40Sor7Ku0fbhzlCqAq7UXP3sD8WoG7iln3aCTk=
github.com/hazelcast/hazelcast-go-client v1.4.2/go.mod h1:PJ38lqXJ18S0YpkrRznPDlUH8GnnMAQCx3jpQtBPZ6Q=
github.com/philippgille/gokv v0.7.0 h1:rQSIQspete82h78Br7k7rKUZ8JYy/hWlwzm/W5qobPI=
github.com/philippgille/gokv v0.7.0/go.mod h1:OwiTP/3bhEBhSuOmFmq1+rszglfSgjJVxd1HOgOa2N4=
github.com/philippgille/gokv/encoding v0.7.0 h1:2oxepKzzTsi00iLZBCZ7Rmqrallh9zws3iqSrLGfkgo=
github.com/philippgille/gokv/encoding v0.7.0/go.mod h1:yncOBBUciyniPI8t5ECF8XSCwhONE9Rjf3My5IHs3fA=
github.com/philippgille/gokv/test v0.7.0 h1:0wBKnKaFZlSeHxLXcmUJqK//IQGUMeu+o8B876KCiOM=
github.com/philippgille/gokv/test v0.7.0/go.mod h1:TP/VzO/qAoi6njsfKnRpXKno0hRuzD5wsLnHhtUcVkY=
github.com/philippgille/gokv/util v0.7.0 h1:5avUK/a3aSj/aWjhHv4/FkqgMon2B7k2BqFgLcR+DYg=
github.com/philippgille/gokv/util v0.7.0/go.mod h1:i9KLHbPxGiHLMhkix/CcDQhpPbCkJy5BkW+RKgwDHMo=
github.com/pmezard/go-difflib v1.0.0 h1:4DBwDE0NGyQoBHbLQYPwSUPoCMWR5BEzIk/f1lZbAQM=
github.com/pmezard/go-difflib v1.0.0/go.mod h1:iKH77koFhYxTK1pcRnkKkqfTogsbg7gZNVY4sRDYZ/4=
github.com/shirou/gopsutil/v3 v3.21.5 h1:YUBf0w/KPLk7w1803AYBnH7BmA+1Z/Q5MEZxpREUaB4=
github.com/shirou/gopsutil/v3 v3.21.5/go.mod h1:ghfMypLDrFSWN2c9cDYFLHyynQ+QUht0cv/18ZqVczw=
github.com/stretchr/objx v0.1.0/go.mod h1:HFkY916IF+rwdDfMAkV7OtwuqBVzrE8GR6GFx+wExME=
github.com/stretchr/testify v1.6.1 h1:hDPOHmpOpP40lSULcqw7IrRb/u7w6RpDC9399XyoNd0=
github.com/stretchr/testify v1.6.1/go.mod h1:6Fq8oRcR53rry900zMqJjRRixrwX3KX962/h/Wwjteg=
github.com/tklauser/go-sysconf v0.3.4 h1:HT8SVixZd3IzLdfs/xlpq0jeSfTX57g1v6wB1EuzV7M=
github.com/tklauser/go-sysconf v0.3.4/go.mod h1:Cl2c8ZRWfHD5IrfHo9VN+FX9kCFjIOyVklgXycLB6ek=
github.com/tklauser/numcpus v0.2.1 h1:ct88eFm+Q7m2ZfXJdan1xYoXKlmwsfP+k88q05KvlZc=
github.com/tklauser/numcpus v0.2.1/go.mod h1:9aU+wOc6WjUIZEwWMP62PL/41d65P+iks1gBkr4QyP8=
go.uber.org/goleak v1.1.10 h1:z+mqJhf6ss6BSfSM671tgKyZBFPTTJM+HLxnhPC3wu0=
golang.org/x/lint v0.0.0-20190930215403-16217165b5de h1:5hukYrvBGR8/eNkX5mdUezrA6JiaEZDtJb9Ei+1LlBs=
golang.org/x/sys v0.0.0-20210217105451-b926d437f341/go.mod h1:h1NjWce9XRLGQEsW7wpKNCjG9DtNlClVuFLEZdDNbEs=
golang.org/x/sys v0.1.0 h1:kunALQeHf1/185U1i0GOB/fy1IPRDDpuoOOqRReG57U=
golang.org/x/sys v0.1.0/go.mod h1:oPkhp1MJrh7nUepCBck5+mAzfO9JrbApNNgaTdGDITg=
golang.org/x/tools v0.0.0-20191108193012-7d206e10da11 h1:Yq9t9jnGoR+dBuitxdo9l6Q7xh/zOyNnYUtDKaQ3x0E=
gopkg.in/check.v1 v0.0.0-20161208181325-20d25e280405/go.mod h1:Co6ibVJAznAaIkqp8huTwlJQCZ016jof/cbN4VW5Yz0=
gopkg.in/yaml.v3 v3.0.0-20200313102051-9f266ea9e77c h1:dUUwHk2QECo/6vqA44rthZ8ie2QXMNeKRTHCNY2nXvo=
gopkg.in/yaml.v3 v3.0.0-20200313102051-9f266ea9e77c/go.mod h1:K4uyk7z7BCEPqu6E+C64Yfv1cQ7kz7rIZviUmN+EgEM=
