github.com/philippgille/gokv/encoding v0.6.0 h1:P1TN+Aulpd6Qd7qcLqgPwoxzOQ42UHBXOovWvFxJRI8=
github.com/philippgille/gokv/encoding v0.6.0/go.mod h1:/yKvq2BKJlKJsH7KMDrhDlEw2Pt3V1nKyFhs4iOqz5U=
github.com/philippgille/gokv/util v0.6.0 h1:GrTxVENzKBxs8lB3tnaA88mKOuVPT7atZPplxX+PNmo=
github.com/philippgille/gokv/util v0.6.0/go.mod h1:ovoDHZ2Svr7YX972SPPJQRXbhHEy3Gb20HRH/Tr9BiQ=
