github.com/go-test/deep v1.0.4 h1:u2CU3YKy9I2pmu9pX0eq50wCgjfGIt539SqR7FbHiho=
github.com/go-test/deep v1.0.4/go.mod h1:wGDj63lr65AM2AQyKZd/NYHGb0R+1RLqB8NKt3aSFNA=
github.com/philippgille/gokv v0.0.0-20191001201555-5ac9a20de634 h1:d5aWDU6fAh8bWjHrwA3YKalyZL3N010cDOkv7YGiwxU=
github.com/philippgille/gokv v0.0.0-20191001201555-5ac9a20de634/go.mod h1:OCoWPt+mbYuTO1FUVrQ2SxQU0oaaHBsn6lRhFX3JHOc=
github.com/philippgille/gokv/encoding v0.0.0-20191011213304-eb77f15b9c61 h1:IgQDuUPuEFVf22mBskeCLAtvd5c9XiiJG2UYud6eGHI=
github.com/philippgille/gokv/encoding v0.0.0-20191011213304-eb77f15b9c61/go.mod h1:SjxSrCoeYrYn85oTtroyG1ePY8aE72nvLQlw8IYwAN8=
github.com/philippgille/gokv/test v0.0.0-20191011213304-eb77f15b9c61 h1:4tVyBgfpK0NSqu7tNZTwYfC/pbyWUR2y+O7mxEg5BTQ=
github.com/philippgille/gokv/test v0.0.0-20191011213304-eb77f15b9c61/go.mod h1:EUc+s9ONc1+VOr9NUEd8S0YbGRrQd/gz/p+2tvwt12s=
github.com/philippgille/gokv/util v0.0.0-20191011213304-eb77f15b9c61 h1:ril/jI0JgXNjPWwDkvcRxlZ09kgHXV2349xChjbsQ4o=
github.com/philippgille/gokv/util v0.0.0-20191011213304-eb77f15b9c61/go.mod h1:2dBhsJgY/yVIkjY5V3AnDUxUbEPzT6uQ3LvoVT8TR20=
