github.com/philippgille/gokv v0.6.0 h1:fNEx/tSwV73nzlYd3iRYB8F+SEVJNNFzH1gsaT8SK2c=
github.com/philippgille/gokv v0.6.0/go.mod h1:tjXRFw9xDHgxLS8WJdfYotKGWp8TWqu4RdXjMDG/XBo=
github.com/philippgille/gokv/util v0.6.0 h1:GrTxVENzKBxs8lB3tnaA88mKOuVPT7atZPplxX+PNmo=
github.com/philippgille/gokv/util v0.6.0/go.mod h1:ovoDHZ2Svr7YX972SPPJQRXbhHEy3Gb20HRH/Tr9BiQ=
